{
  "name": "amcs-ck",
  "version": "1.0.0",
  "lockfileVersion": 1,
  "requires": true,
  "dependencies": {
    "@types/pako": {
      "version": "1.0.1",
      "resolved": "https://registry.npmjs.org/@types/pako/-/pako-1.0.1.tgz",
      "integrity": "sha512-GdZbRSJ3Cv5fiwT6I0SQ3ckeN2PWNqxd26W9Z2fCK1tGrrasGy4puvNFtnddqH9UJFMQYXxEuuB7B8UK+LLwSg=="
    },
    "@types/utf8": {
      "version": "2.1.6",
      "resolved": "https://registry.npmjs.org/@types/utf8/-/utf8-2.1.6.tgz",
      "integrity": "sha512-pRs2gYF5yoKYrgSaira0DJqVg2tFuF+Qjp838xS7K+mJyY2jJzjsrl6y17GbIa4uMRogMbxs+ghNCvKg6XyNrA=="
    },
    "fast-png": {
      "version": "4.0.1",
      "resolved": "https://registry.npmjs.org/fast-png/-/fast-png-4.0.1.tgz",
      "integrity": "sha512-CBERpC+3HbN3WcqcLAjaA+0CXMFK86w2/Jx4XTGSFHvQ9BC2g+7x386nzck19nJs4PdCe8ioBzVAV9nvh9Tl8Q==",
      "requires": {
        "@types/pako": "^1.0.1",
        "iobuffer": "^4.0.1",
        "pako": "^1.0.10"
      }
    },
    "iobuffer": {
      "version": "4.0.1",
      "resolved": "https://registry.npmjs.org/iobuffer/-/iobuffer-4.0.1.tgz",
      "integrity": "sha512-lNwccuTGOfghw+xYNgnKRQPx1PMtL7EaNHbZGCvjlIMdS7LdmwurEZ7tmzWEk9quGahZMOzsDcM/TKsLZjpEew==",
      "requires": {
        "@types/utf8": "^2.1.6",
        "utf8": "^3.0.0"
      }
    },
    "pako": {
      "version": "1.0.10",
      "resolved": "https://registry.npmjs.org/pako/-/pako-1.0.10.tgz",
      "integrity": "sha512-0DTvPVU3ed8+HNXOu5Bs+o//Mbdj9VNQMUOe9oKCwh8l0GNwpTDMKCWbRjgtD291AWnkAgkqA/LOnQS8AmS1tw=="
    },
    "utf8": {
      "version": "3.0.0",
      "resolved": "https://registry.npmjs.org/utf8/-/utf8-3.0.0.tgz",
      "integrity": "sha512-E8VjFIQ/TyQgp+TZfS6l8yp/xWppSAHzidGiRrqe4bK4XP9pTRyKFgGJpO3SN7zdX4DeomTrwaseCHovfpFcqQ=="
    }
  }
}
